packages:
  _fe_analyzer_shared:
    dependency: transitive
    description:
      name: _fe_analyzer_shared
      url: https://pub.dartlang.org
    source: hosted
    version: 31.0.0
    sha256: 0yfwy3wd8d09rxpncmbhqbnbabz8vab5nkam8b8xvmxlv06amcr6
  analyzer:
    dependency: direct dev
    description:
      name: analyzer
      url: https://pub.dartlang.org
    source: hosted
    version: 2.8.0
    sha256: 042ypq03jncag0asb0rkz88z88iml7sdva116nc58rfm5dc5g1jq
  archive:
    dependency: direct dev
    description:
      name: archive
      url: https://pub.dartlang.org
    source: hosted
    version: 3.3.0
    sha256: 1p3hkb3dsf7g4yfv2b4zyjnrjx8lfjivs9wfzvq4lnb7g0m712ai
  args:
    dependency: direct main
    description:
      name: args
      url: https://pub.dartlang.org
    source: hosted
    version: 2.3.1
    sha256: 0c78zkzg2d2kzw1qrpiyrj1qvm4pr0yhnzapbqk347m780ha408g
  async:
    dependency: direct main
    description:
      name: async
      url: https://pub.dartlang.org
    source: hosted
    version: 2.9.0
    sha256: 04pic2ss16ni8b1bnk7450hrq1391zbl93dlhd2a4na3cgwd65b3
  boolean_selector:
    dependency: transitive
    description:
      name: boolean_selector
      url: https://pub.dartlang.org
    source: hosted
    version: 2.1.0
    sha256: 1rk7z1pa4yrnbdw5djqykx4w9lzpfdkb40z8zvnqzmr9mbkd60jx
  charcode:
    dependency: direct main
    description:
      name: charcode
      url: https://pub.dartlang.org
    source: hosted
    version: 1.3.1
    sha256: 0lidr1l373bl8lhcz9b3wahxs2f7wl98n92h94cf7zzdxy4c37id
  checked_yaml:
    dependency: transitive
    description:
      name: checked_yaml
      url: https://pub.dartlang.org
    source: hosted
    version: 2.0.1
    sha256: 1gf7ankc5jb7mk17br87ajv05pfg6vb8nf35ay6c35w8jp70ra7k
  cli_pkg:
    dependency: direct dev
    description:
      name: cli_pkg
      url: https://pub.dartlang.org
    source: hosted
    version: 2.0.3
    sha256: 01c0lpgzbprw6q0rgfwxmxrgf146hnbb58scnfbk6ipwxdpfgxj1
  cli_repl:
    dependency: direct main
    description:
      name: cli_repl
      url: https://pub.dartlang.org
    source: hosted
    version: 0.2.2
    sha256: 169dcmlmraf2wpbbr0k8h75zkng4hw5knfjqp86nr5bhwixam60c
  cli_util:
    dependency: transitive
    description:
      name: cli_util
      url: https://pub.dartlang.org
    source: hosted
    version: 0.3.5
    sha256: 01mkfc5cpcz9g5qdlm3ckr1rr3v6lmji2s3hmf5rxrzab839w3j6
  collection:
    dependency: direct main
    description:
      name: collection
      url: https://pub.dartlang.org
    source: hosted
    version: 1.16.0
    sha256: 0nx7mbxwxw5z4mdjr9z8hg6g8kgy3cv5pv5ax0j1i9kl36brk5rg
  convert:
    dependency: transitive
    description:
      name: convert
      url: https://pub.dartlang.org
    source: hosted
    version: 3.0.1
    sha256: 15vgdfqk8z63crkb47d1p227mv2x0mwpczbvp8z3q0c5kw6crh7f
  coverage:
    dependency: transitive
    description:
      name: coverage
      url: https://pub.dartlang.org
    source: hosted
    version: 1.3.2
    sha256: 0rdmn26jd9h73rbxqzmyycpqhga388azsq3r4dh6f1xflh91hw9f
  crypto:
    dependency: direct dev
    description:
      name: crypto
      url: https://pub.dartlang.org
    source: hosted
    version: 3.0.2
    sha256: 1kjfb8fvdxazmv9ps2iqdhb8kcr31115h0nwn6v4xmr71k8jb8ds
  dart_style:
    dependency: direct dev
    description:
      name: dart_style
      url: https://pub.dartlang.org
    source: hosted
    version: 2.2.1
    sha256: 0w59xa9jzvx56pdgrps92sh2q1prkpp4qdl6n1nararw3flpc6ps
  file:
    dependency: transitive
    description:
      name: file
      url: https://pub.dartlang.org
    source: hosted
    version: 6.1.2
    sha256: 0pda7jr6hm9411a8q0lrxvib42plcyk9xfq3paqhl27xg3ddqjpl
  freezed_annotation:
    dependency: transitive
    description:
      name: freezed_annotation
      url: https://pub.dartlang.org
    source: hosted
    version: 1.1.0
    sha256: 13cfsrfwx501x4qqw96pv4i1xw5cfp3msx237vhxzbj64vahizlc
  frontend_server_client:
    dependency: transitive
    description:
      name: frontend_server_client
      url: https://pub.dartlang.org
    source: hosted
    version: 2.1.3
    sha256: 0c5mbd4mhiq0vpqmp9pxmz3y6301aahy04h6ll6lz40wy34g2klq
  glob:
    dependency: transitive
    description:
      name: glob
      url: https://pub.dartlang.org
    source: hosted
    version: 2.0.2
    sha256: 1ql1lqd2da372hwmnnfg5mhhny12qfpnkfvkr9f1gifpiq4qb72c
  grinder:
    dependency: direct dev
    description:
      name: grinder
      url: https://pub.dartlang.org
    source: hosted
    version: 0.9.1
    sha256: 1z1g61spdad0dvr1ng940har40vy4m2kqwx3ica5i8qrycrfvgc1
  http:
    dependency: direct main
    description:
      name: http
      url: https://pub.dartlang.org
    source: hosted
    version: 0.13.4
    sha256: 1l4fnz5w77w26vrndk6dwij3zw387nbvnqr4byiswdx0hfh5nfml
  http_multi_server:
    dependency: transitive
    description:
      name: http_multi_server
      url: https://pub.dartlang.org
    source: hosted
    version: 3.2.0
    sha256: 169rc7v5db511cr64wsga7gpc57fj54nqqlv5nz492xsg58dg2ha
  http_parser:
    dependency: transitive
    description:
      name: http_parser
      url: https://pub.dartlang.org
    source: hosted
    version: 4.0.1
    sha256: 0lj0ygi2im4p966r3c8yd0i7j61xr8g6vmp6pdxzz6kpjqz5cifv
  io:
    dependency: transitive
    description:
      name: io
      url: https://pub.dartlang.org
    source: hosted
    version: 1.0.3
    sha256: 1bp5l8hkrp6fjj7zw9af51hxyp52sjspc5558lq0lmi453l0czni
  js:
    dependency: direct main
    description:
      name: js
      url: https://pub.dartlang.org
    source: hosted
    version: 0.6.3
    sha256: 163l4d8ayfikfmzf10qs0fckp2rbpv2r6q903sp1r88klrrqv83b
  json_annotation:
    dependency: transitive
    description:
      name: json_annotation
      url: https://pub.dartlang.org
    source: hosted
    version: 4.5.0
    sha256: 1621pqmdcv8zvqka9r5avw73x9cmk3770q64mylz3wdnw7fcys9q
  lints:
    dependency: direct dev
    description:
      name: lints
      url: https://pub.dartlang.org
    source: hosted
    version: 1.0.1
    sha256: 1xyn9xpzwfw1f0mp03pyvspcphkinhzawkgp5lwmi7p15mv1vgz2
  logging:
    dependency: transitive
    description:
      name: logging
      url: https://pub.dartlang.org
    source: hosted
    version: 1.0.2
    sha256: 0hl1mjh662c44ci7z60x92i0jsyqg1zm6k6fc89n9pdcxsqdpwfs
  matcher:
    dependency: transitive
    description:
      name: matcher
      url: https://pub.dartlang.org
    source: hosted
    version: 0.12.11
    sha256: 0nzad8zw79swi03lqal2yrh7dvzryhs779ad2d6i60pa94q02vva
  meta:
    dependency: direct main
    description:
      name: meta
      url: https://pub.dartlang.org
    source: hosted
    version: 1.8.0
    sha256: 01kqdd25nln5a219pr94s66p27m0kpqz0wpmwnm24kdy3ngif1v5
  mime:
    dependency: transitive
    description:
      name: mime
      url: https://pub.dartlang.org
    source: hosted
    version: 1.0.2
    sha256: 1dr3qikzvp10q1saka7azki5gk2kkf2v7k9wfqjsyxmza2zlv896
  node_interop:
    dependency: direct main
    description:
      name: node_interop
      url: https://pub.dartlang.org
    source: hosted
    version: 2.1.0
    sha256: 0psfg2shhk6kjdn8q4nmyhlzjx7gjb4gwlkir45kyyz1cvq0zc8y
  node_preamble:
    dependency: direct dev
    description:
      name: node_preamble
      url: https://pub.dartlang.org
    source: hosted
    version: 2.0.1
    sha256: 0i0gfc2yqa09182vc01lj47qpq98kfm9m8h4n8c5fby0mjd0lvyx
  oauth2:
    dependency: transitive
    description:
      name: oauth2
      url: https://pub.dartlang.org
    source: hosted
    version: 2.0.0
    sha256: 1z0cdck0ja6ssrrpp52lyqxv4zkw04615a35vb93j629rhsdrcvm
  package_config:
    dependency: direct main
    description:
      name: package_config
      url: https://pub.dartlang.org
    source: hosted
    version: 2.0.2
    sha256: 0p2a7k0l8fn9xciyhdw49nxm5a8r6xkhcfyzcqwxxikwln8ac7yw
  path:
    dependency: direct main
    description:
      name: path
      url: https://pub.dartlang.org
    source: hosted
    version: 1.8.2
    sha256: 16ggdh29ciy7h8sdshhwmxn6dd12sfbykf2j82c56iwhhlljq181
  petitparser:
    dependency: transitive
    description:
      name: petitparser
      url: https://pub.dartlang.org
    source: hosted
    version: 4.4.0
    sha256: 0pb4zy0sdgqyd1zixgdk7hy4q488qd903fb0c3j960yf9pyfjd8r
  pool:
    dependency: transitive
    description:
      name: pool
      url: https://pub.dartlang.org
    source: hosted
    version: 1.5.0
    sha256: 0bm64dnnbazybg64bidj6l9n79i7nn69i1spqmaaa6xyrxps9fqj
  pub_api_client:
    dependency: direct dev
    description:
      name: pub_api_client
      url: https://pub.dartlang.org
    source: hosted
    version: 2.2.1
    sha256: 1jh0xa5malpgxnzh8whjfrq9lhq1l32i0bwzzkw0aqyrzq63q0mw
  pub_semver:
    dependency: direct dev
    description:
      name: pub_semver
      url: https://pub.dartlang.org
    source: hosted
    version: 2.1.1
    sha256: 1im633xwddksica1wkfm8vx1v9gfyy1i84j9a0rbs9k0lsmcc7n5
  pubspec:
    dependency: transitive
    description:
      name: pubspec
      url: https://pub.dartlang.org
    source: hosted
    version: 2.1.0
    sha256: 0zrncfvb7a2qk8nkhgp06jp6w9hcki595p9v3imfr9644n76vz6m
  pubspec_parse:
    dependency: direct dev
    description:
      name: pubspec_parse
      url: https://pub.dartlang.org
    source: hosted
    version: 1.2.0
    sha256: 05s6ds60ksrxpra4ff69253ww8833bxky7v768ryn020x7qj1mh3
  quiver:
    dependency: transitive
    description:
      name: quiver
      url: https://pub.dartlang.org
    source: hosted
    version: 3.1.0
    sha256: 0r8cxqdm8ywiii1r593ga1f1p0i4v2r8hy6jx70nm8b2h4hw3sqw
  shelf:
    dependency: transitive
    description:
      name: shelf
      url: https://pub.dartlang.org
    source: hosted
    version: 1.2.0
    sha256: 1rchfmrib0hwqhc33bwz2k6m3ay4gm22s0145hrj5ma5f57f4jsm
  shelf_packages_handler:
    dependency: transitive
    description:
      name: shelf_packages_handler
      url: https://pub.dartlang.org
    source: hosted
    version: 3.0.0
    sha256: 0b727idmsyvwx0idhmsl1sy1qq9j0vs5bbp433md2z62vjj345cg
  shelf_static:
    dependency: transitive
    description:
      name: shelf_static
      url: https://pub.dartlang.org
    source: hosted
    version: 1.1.0
    sha256: 1v28hg8mpypnjkvr6flk63x5kk5akccl9mdj2yiw4m9zqbx9a27p
  shelf_web_socket:
    dependency: transitive
    description:
      name: shelf_web_socket
      url: https://pub.dartlang.org
    source: hosted
    version: 1.0.1
    sha256: 0m6w0z8h6xcy215qsrz7dy00fa3bbcx4lazgi1rm951yagfighkm
  source_map_stack_trace:
    dependency: transitive
    description:
      name: source_map_stack_trace
      url: https://pub.dartlang.org
    source: hosted
    version: 2.1.0
    sha256: 0ixx1w93qy2lp06d5l51j8xvahb0zaym567xp7zwka410frdc55l
  source_maps:
    dependency: direct main
    description:
      name: source_maps
      url: https://pub.dartlang.org
    source: hosted
    version: 0.10.10
    sha256: 1dxzkx7dc8f0y3nzgjyjsd5mm2mx1g1ilbdhz0h8i073i7vn321a
  source_span:
    dependency: direct main
    description:
      name: source_span
      url: https://pub.dartlang.org
    source: hosted
    version: 1.9.0
    sha256: 0j64s4vc22mzx8zw35lyd1q76phh84bsc5arsawcfkxa76l06542
  stack_trace:
    dependency: direct main
    description:
      name: stack_trace
      url: https://pub.dartlang.org
    source: hosted
    version: 1.10.0
    sha256: 01lyk22h1zxr3a39wmai9lvxykia0y8g7lc2kcpnjypxhf4g0sbl
  stream_channel:
    dependency: direct dev
    description:
      name: stream_channel
      url: https://pub.dartlang.org
    source: hosted
    version: 2.1.0
    sha256: 0591c3bpjipx4jlzxwsyspmgpjryh6psl1ks38jkcxp3pffkybsv
  stream_transform:
    dependency: direct main
    description:
      name: stream_transform
      url: https://pub.dartlang.org
    source: hosted
    version: 2.0.0
    sha256: 0fsy22i19fb60z5sx7imdk0f3993ydzbabknnb8j25w2dpp8lfz3
  string_scanner:
    dependency: direct main
    description:
      name: string_scanner
      url: https://pub.dartlang.org
    source: hosted
    version: 1.1.1
    sha256: 0l3b1l9859gylhipcdacml0a0zlb8xhi42whpwqkc1jbkvimji36
  term_glyph:
    dependency: direct main
    description:
      name: term_glyph
      url: https://pub.dartlang.org
    source: hosted
    version: 1.2.0
    sha256: 10i2vjhjrqssvj1j7jy7f8iijiq46bjib40rd9lb5f15kixly3q4
  test:
    dependency: direct dev
    description:
      name: test
      url: https://pub.dartlang.org
    source: hosted
    version: 1.20.2
    sha256: 0lia3xm0knsqhadlasb4jh31xkrd7gl56y4n67hbscxc8d333wrp
  test_api:
    dependency: transitive
    description:
      name: test_api
      url: https://pub.dartlang.org
    source: hosted
    version: 0.4.9
    sha256: 1jnbzmvyyp3kxhwczzzv45zbgnhd390ljbqn4ksw9j4cbri76p49
  test_core:
    dependency: transitive
    description:
      name: test_core
      url: https://pub.dartlang.org
    source: hosted
    version: 0.4.11
    sha256: 0l16wp71wdg230wb97ivmfvf1364p5xa5xd2hssbcflj46gc5kc4
  test_descriptor:
    dependency: direct dev
    description:
      name: test_descriptor
      url: https://pub.dartlang.org
    source: hosted
    version: 2.0.0
    sha256: 0dbk71nk7791r53f60hlmv8vk81yalw8akmndxyam9fyrxhmi0lc
  test_process:
    dependency: direct dev
    description:
      name: test_process
      url: https://pub.dartlang.org
    source: hosted
    version: 2.0.2
    sha256: 1b89rcyhhipg5ibad9pcvbz6aw8bi84wpwrhnjgragvd3shxjx2c
  tuple:
    dependency: direct main
    description:
      name: tuple
      url: https://pub.dartlang.org
    source: hosted
    version: 2.0.0
    sha256: 10901d6p2jqbwwq4dxz34zbvzck9pda4q7k5c22wk5wab54a9h6x
  typed_data:
    dependency: transitive
    description:
      name: typed_data
      url: https://pub.dartlang.org
    source: hosted
    version: 1.3.1
    sha256: 1x402bvyzdmdvmyqhyfamjxf54p9j8sa8ns2n5dwsdhnfqbw859g
  uri:
    dependency: transitive
    description:
      name: uri
      url: https://pub.dartlang.org
    source: hosted
    version: 1.0.0
    sha256: 1sxhnh11grv65i57yd82nk8gri53mir1mpby34mj1mc95agmr1vp
  vm_service:
    dependency: transitive
    description:
      name: vm_service
      url: https://pub.dartlang.org
    source: hosted
    version: 8.3.0
    sha256: 111id9p4giab7zwgh3siv5mnz3kbiiyj59k17bxl0b8f05l8f5d6
  watcher:
    dependency: direct main
    description:
      name: watcher
      url: https://pub.dartlang.org
    source: hosted
    version: 1.0.1
    sha256: 04gm3bj5jq4krpanldqycqglmln3mj7j2l22pkqb3m37awgcckv1
  web_socket_channel:
    dependency: transitive
    description:
      name: web_socket_channel
      url: https://pub.dartlang.org
    source: hosted
    version: 2.2.0
    sha256: 147amn05v1f1a1grxjr7yzgshrczjwijwiywggsv6dgic8kxyj5a
  webkit_inspection_protocol:
    dependency: transitive
    description:
      name: webkit_inspection_protocol
      url: https://pub.dartlang.org
    source: hosted
    version: 1.1.0
    sha256: 0c3nzy9dk9rr0avxch2890chgcy5v04sr07ryx0l6m3cwhwi59vj
  xml:
    dependency: transitive
    description:
      name: xml
      url: https://pub.dartlang.org
    source: hosted
    version: 5.3.1
    sha256: 1dgq7l0j59i1fdgcfywjwlrvq1pqzc4wzrq07xypclrk3ziw78b1
  yaml:
    dependency: direct dev
    description:
      name: yaml
      url: https://pub.dartlang.org
    source: hosted
    version: 3.1.1
    sha256: 0mqqmzn3c9rr38b5xm312fz1vyp6vb36lm477r9hak77bxzpp0iw
sdks:
  dart: '>=2.15.0 <3.0.0'
